<?xml version="1.0" encoding="utf-8"?>
<Project ToolsVersion="4.0" xmlns="http://schemas.microsoft.com/developer/msbuild/2003">
  <ItemGroup>
    <Filter Include="源文件">
      <UniqueIdentifier>{4FC737F1-C7A5-4376-A066-2A32D752A2FF}</UniqueIdentifier>
      <Extensions>cpp;c;cc;cxx;c++;cppm;ixx;def;odl;idl;hpj;bat;asm;asmx</Extensions>
    </Filter>
    <Filter Include="头文件">
      <UniqueIdentifier>{93995380-89BD-4b04-88EB-625FBE52EBFB}</UniqueIdentifier>
      <Extensions>h;hh;hpp;hxx;h++;hm;inl;inc;ipp;xsd</Extensions>
    </Filter>
    <Filter Include="资源文件">
      <UniqueIdentifier>{67DA6AB6-F800-4c08-8B7A-83BB121AAD01}</UniqueIdentifier>
      <Extensions>rc;ico;cur;bmp;dlg;rc2;rct;bin;rgs;gif;jpg;jpeg;jpe;resx;tiff;tif;png;wav;mfcribbon-ms</Extensions>
    </Filter>
    <Filter Include="imgui">
      <UniqueIdentifier>{968d340a-c359-49ee-8e44-fc1ec2c8ffed}</UniqueIdentifier>
    </Filter>
    <Filter Include="util">
      <UniqueIdentifier>{39b7e3f2-0cfe-4bac-89b0-a72a54881301}</UniqueIdentifier>
    </Filter>
  </ItemGroup>
  <ItemGroup>
    <ClInclude Include="BTree.h">
      <Filter>头文件</Filter>
    </ClInclude>
    <ClInclude Include="Application.h">
      <Filter>头文件</Filter>
    </ClInclude>
    <ClInclude Include="XNode.h">
      <Filter>头文件</Filter>
    </ClInclude>
    <ClInclude Include="inputAbstract.h">
      <Filter>头文件</Filter>
    </ClInclude>
    <ClInclude Include="Charactor.h">
      <Filter>头文件</Filter>
    </ClInclude>
    <ClInclude Include="xplayer.h">
      <Filter>头文件</Filter>
    </ClInclude>
    <ClInclude Include="TalkDialog.h">
      <Filter>头文件</Filter>
    </ClInclude>
    <ClInclude Include="xSlime.h">
      <Filter>头文件</Filter>
    </ClInclude>
    <ClInclude Include="xItem.h">
      <Filter>头文件</Filter>
    </ClInclude>
    <ClInclude Include="Animation.h">
      <Filter>util</Filter>
    </ClInclude>
    <ClInclude Include="mtimer.h">
      <Filter>util</Filter>
    </ClInclude>
    <ClInclude Include="Font.h">
      <Filter>util</Filter>
    </ClInclude>
    <ClInclude Include="DataManager.h">
      <Filter>util</Filter>
    </ClInclude>
    <ClInclude Include="CollisionBox.h">
      <Filter>util</Filter>
    </ClInclude>
    <ClInclude Include="CollisionManager.h">
      <Filter>util</Filter>
    </ClInclude>
    <ClInclude Include="xCamera.h">
      <Filter>util</Filter>
    </ClInclude>
    <ClInclude Include="util.h">
      <Filter>util</Filter>
    </ClInclude>
  </ItemGroup>
  <ItemGroup>
    <ClCompile Include="BTree.cpp">
      <Filter>源文件</Filter>
    </ClCompile>
    <ClCompile Include="Application.cpp">
      <Filter>源文件</Filter>
    </ClCompile>
    <ClCompile Include="XNode.cpp">
      <Filter>源文件</Filter>
    </ClCompile>
    <ClCompile Include="inputAbstract.cpp">
      <Filter>源文件</Filter>
    </ClCompile>
    <ClCompile Include="Charactor.cpp">
      <Filter>源文件</Filter>
    </ClCompile>
    <ClCompile Include="xplayer.cpp">
      <Filter>源文件</Filter>
    </ClCompile>
    <ClCompile Include="3rd\imgui\imgui.cpp">
      <Filter>imgui</Filter>
    </ClCompile>
    <ClCompile Include="3rd\imgui\imgui_draw.cpp">
      <Filter>imgui</Filter>
    </ClCompile>
    <ClCompile Include="3rd\imgui\imgui_impl_sdl.cpp">
      <Filter>imgui</Filter>
    </ClCompile>
    <ClCompile Include="3rd\imgui\imgui_impl_sdlrenderer.cpp">
      <Filter>imgui</Filter>
    </ClCompile>
    <ClCompile Include="3rd\imgui\imgui_stdlib.cpp">
      <Filter>imgui</Filter>
    </ClCompile>
    <ClCompile Include="3rd\imgui\imgui_tables.cpp">
      <Filter>imgui</Filter>
    </ClCompile>
    <ClCompile Include="3rd\imgui\imgui_widgets.cpp">
      <Filter>imgui</Filter>
    </ClCompile>
    <ClCompile Include="3rd\imgui\TextEditor.cpp">
      <Filter>imgui</Filter>
    </ClCompile>
    <ClCompile Include="TalkDialog.cpp">
      <Filter>源文件</Filter>
    </ClCompile>
    <ClCompile Include="xSlime.cpp">
      <Filter>源文件</Filter>
    </ClCompile>
    <ClCompile Include="xItem.cpp">
      <Filter>源文件</Filter>
    </ClCompile>
    <ClCompile Include="Animation.cpp">
      <Filter>util</Filter>
    </ClCompile>
    <ClCompile Include="mtimer.cpp">
      <Filter>util</Filter>
    </ClCompile>
    <ClCompile Include="Font.cpp">
      <Filter>util</Filter>
    </ClCompile>
    <ClCompile Include="DataManager.cpp">
      <Filter>util</Filter>
    </ClCompile>
    <ClCompile Include="CollisionBox.cpp">
      <Filter>util</Filter>
    </ClCompile>
    <ClCompile Include="CollisionManager.cpp">
      <Filter>util</Filter>
    </ClCompile>
    <ClCompile Include="xCamera.cpp">
      <Filter>util</Filter>
    </ClCompile>
    <ClCompile Include="util.cpp">
      <Filter>util</Filter>
    </ClCompile>
  </ItemGroup>
</Project>